// !$*UTF8*$!
{
	archiveVersion = 1;
	classes = {
	};
	objectVersion = 56;
	objects = {

/* Begin PBXBuildFile section */
		981F52D928E1195F005F692F /* DynamicIslandAPISampleApp.swift in Sources */ = {isa = PBXBuildFile; fileRef = 981F52D828E1195F005F692F /* DynamicIslandAPISampleApp.swift */; };
		981F52DB28E1195F005F692F /* ContentView.swift in Sources */ = {isa = PBXBuildFile; fileRef = 981F52DA28E1195F005F692F /* ContentView.swift */; };
		981F52DD28E11960005F692F /* Assets.xcassets in Resources */ = {isa = PBXBuildFile; fileRef = 981F52DC28E11960005F692F /* Assets.xcassets */; };
		981F52E028E11960005F692F /* Preview Assets.xcassets in Resources */ = {isa = PBXBuildFile; fileRef = 981F52DF28E11960005F692F /* Preview Assets.xcassets */; };
		981F534228E6631E005F692F /* WidgetKit.framework in Frameworks */ = {isa = PBXBuildFile; fileRef = 981F534128E6631E005F692F /* WidgetKit.framework */; };
		981F534428E6631E005F692F /* SwiftUI.framework in Frameworks */ = {isa = PBXBuildFile; fileRef = 981F534328E6631E005F692F /* SwiftUI.framework */; };
		981F534A28E6631E005F692F /* Assets.xcassets in Resources */ = {isa = PBXBuildFile; fileRef = 981F534928E6631E005F692F /* Assets.xcassets */; };
		981F534C28E6631E005F692F /* OrderStatus.intentdefinition in Sources */ = {isa = PBXBuildFile; fileRef = 981F534828E6631E005F692F /* OrderStatus.intentdefinition */; };
		981F534D28E6631E005F692F /* OrderStatus.intentdefinition in Sources */ = {isa = PBXBuildFile; fileRef = 981F534828E6631E005F692F /* OrderStatus.intentdefinition */; };
		981F535028E6631E005F692F /* OrderStatusExtension.appex in Embed Foundation Extensions */ = {isa = PBXBuildFile; fileRef = 981F533F28E6631E005F692F /* OrderStatusExtension.appex */; settings = {ATTRIBUTES = (RemoveHeadersOnCopy, ); }; };
		981F535728E66376005F692F /* OrderAttributes.swift in Sources */ = {isa = PBXBuildFile; fileRef = 981F535628E66376005F692F /* OrderAttributes.swift */; };
		981F535928E66424005F692F /* OrderAttributes.swift in Sources */ = {isa = PBXBuildFile; fileRef = 981F535628E66376005F692F /* OrderAttributes.swift */; };
		981F535B28E6644F005F692F /* OrderStatus.swift in Sources */ = {isa = PBXBuildFile; fileRef = 981F534628E6631E005F692F /* OrderStatus.swift */; };
/* End PBXBuildFile section */

/* Begin PBXContainerItemProxy section */
		981F534E28E6631E005F692F /* PBXContainerItemProxy */ = {
			isa = PBXContainerItemProxy;
			containerPortal = 981F52CD28E1195F005F692F /* Project object */;
			proxyType = 1;
			remoteGlobalIDString = 981F533E28E6631E005F692F;
			remoteInfo = OrderStatusExtension;
		};
/* End PBXContainerItemProxy section */

/* Begin PBXCopyFilesBuildPhase section */
		981F535128E6631F005F692F /* Embed Foundation Extensions */ = {
			isa = PBXCopyFilesBuildPhase;
			buildActionMask = 2147483647;
			dstPath = "";
			dstSubfolderSpec = 13;
			files = (
				981F535028E6631E005F692F /* OrderStatusExtension.appex in Embed Foundation Extensions */,
			);
			name = "Embed Foundation Extensions";
			runOnlyForDeploymentPostprocessing = 0;
		};
/* End PBXCopyFilesBuildPhase section */

/* Begin PBXFileReference section */
		981F52D528E1195F005F692F /* DynamicIslandAPISample.app */ = {isa = PBXFileReference; explicitFileType = wrapper.application; includeInIndex = 0; path = DynamicIslandAPISample.app; sourceTree = BUILT_PRODUCTS_DIR; };
		981F52D828E1195F005F692F /* DynamicIslandAPISampleApp.swift */ = {isa = PBXFileReference; lastKnownFileType = sourcecode.swift; path = DynamicIslandAPISampleApp.swift; sourceTree = "<group>"; };
		981F52DA28E1195F005F692F /* ContentView.swift */ = {isa = PBXFileReference; lastKnownFileType = sourcecode.swift; path = ContentView.swift; sourceTree = "<group>"; };
		981F52DC28E11960005F692F /* Assets.xcassets */ = {isa = PBXFileReference; lastKnownFileType = folder.assetcatalog; path = Assets.xcassets; sourceTree = "<group>"; };
		981F52DF28E11960005F692F /* Preview Assets.xcassets */ = {isa = PBXFileReference; lastKnownFileType = folder.assetcatalog; path = "Preview Assets.xcassets"; sourceTree = "<group>"; };
		981F533F28E6631E005F692F /* OrderStatusExtension.appex */ = {isa = PBXFileReference; explicitFileType = "wrapper.app-extension"; includeInIndex = 0; path = OrderStatusExtension.appex; sourceTree = BUILT_PRODUCTS_DIR; };
		981F534128E6631E005F692F /* WidgetKit.framework */ = {isa = PBXFileReference; lastKnownFileType = wrapper.framework; name = WidgetKit.framework; path = System/Library/Frameworks/WidgetKit.framework; sourceTree = SDKROOT; };
		981F534328E6631E005F692F /* SwiftUI.framework */ = {isa = PBXFileReference; lastKnownFileType = wrapper.framework; name = SwiftUI.framework; path = System/Library/Frameworks/SwiftUI.framework; sourceTree = SDKROOT; };
		981F534628E6631E005F692F /* OrderStatus.swift */ = {isa = PBXFileReference; lastKnownFileType = sourcecode.swift; path = OrderStatus.swift; sourceTree = "<group>"; };
		981F534828E6631E005F692F /* OrderStatus.intentdefinition */ = {isa = PBXFileReference; lastKnownFileType = file.intentdefinition; path = OrderStatus.intentdefinition; sourceTree = "<group>"; };
		981F534928E6631E005F692F /* Assets.xcassets */ = {isa = PBXFileReference; lastKnownFileType = folder.assetcatalog; path = Assets.xcassets; sourceTree = "<group>"; };
		981F534B28E6631E005F692F /* Info.plist */ = {isa = PBXFileReference; lastKnownFileType = text.plist.xml; path = Info.plist; sourceTree = "<group>"; };
		981F535628E66376005F692F /* OrderAttributes.swift */ = {isa = PBXFileReference; lastKnownFileType = sourcecode.swift; path = OrderAttributes.swift; sourceTree = "<group>"; };
		981F535C28E66501005F692F /* Info.plist */ = {isa = PBXFileReference; lastKnownFileType = text.plist; path = Info.plist; sourceTree = "<group>"; };
/* End PBXFileReference section */

/* Begin PBXFrameworksBuildPhase section */
		981F52D228E1195F005F692F /* Frameworks */ = {
			isa = PBXFrameworksBuildPhase;
			buildActionMask = 2147483647;
			files = (
			);
			runOnlyForDeploymentPostprocessing = 0;
		};
		981F533C28E6631E005F692F /* Frameworks */ = {
			isa = PBXFrameworksBuildPhase;
			buildActionMask = 2147483647;
			files = (
				981F534428E6631E005F692F /* SwiftUI.framework in Frameworks */,
				981F534228E6631E005F692F /* WidgetKit.framework in Frameworks */,
			);
			runOnlyForDeploymentPostprocessing = 0;
		};
/* End PBXFrameworksBuildPhase section */

/* Begin PBXGroup section */
		981F52CC28E1195F005F692F = {
			isa = PBXGroup;
			children = (
				981F52D728E1195F005F692F /* DynamicIslandAPISample */,
				981F534528E6631E005F692F /* OrderStatus */,
				981F534028E6631E005F692F /* Frameworks */,
				981F52D628E1195F005F692F /* Products */,
			);
			sourceTree = "<group>";
		};
		981F52D628E1195F005F692F /* Products */ = {
			isa = PBXGroup;
			children = (
				981F52D528E1195F005F692F /* DynamicIslandAPISample.app */,
				981F533F28E6631E005F692F /* OrderStatusExtension.appex */,
			);
			name = Products;
			sourceTree = "<group>";
		};
		981F52D728E1195F005F692F /* DynamicIslandAPISample */ = {
			isa = PBXGroup;
			children = (
				981F535C28E66501005F692F /* Info.plist */,
				981F535528E66361005F692F /* Model */,
				981F52D828E1195F005F692F /* DynamicIslandAPISampleApp.swift */,
				981F52DA28E1195F005F692F /* ContentView.swift */,
				981F52DC28E11960005F692F /* Assets.xcassets */,
				981F52DE28E11960005F692F /* Preview Content */,
			);
			path = DynamicIslandAPISample;
			sourceTree = "<group>";
		};
		981F52DE28E11960005F692F /* Preview Content */ = {
			isa = PBXGroup;
			children = (
				981F52DF28E11960005F692F /* Preview Assets.xcassets */,
			);
			path = "Preview Content";
			sourceTree = "<group>";
		};
		981F534028E6631E005F692F /* Frameworks */ = {
			isa = PBXGroup;
			children = (
				981F534128E6631E005F692F /* WidgetKit.framework */,
				981F534328E6631E005F692F /* SwiftUI.framework */,
			);
			name = Frameworks;
			sourceTree = "<group>";
		};
		981F534528E6631E005F692F /* OrderStatus */ = {
			isa = PBXGroup;
			children = (
				981F534628E6631E005F692F /* OrderStatus.swift */,
				981F534828E6631E005F692F /* OrderStatus.intentdefinition */,
				981F534928E6631E005F692F /* Assets.xcassets */,
				981F534B28E6631E005F692F /* Info.plist */,
			);
			path = OrderStatus;
			sourceTree = "<group>";
		};
		981F535528E66361005F692F /* Model */ = {
			isa = PBXGroup;
			children = (
				981F535628E66376005F692F /* OrderAttributes.swift */,
			);
			path = Model;
			sourceTree = "<group>";
		};
/* End PBXGroup section */

/* Begin PBXNativeTarget section */
		981F52D428E1195F005F692F /* DynamicIslandAPISample */ = {
			isa = PBXNativeTarget;
			buildConfigurationList = 981F52E328E11960005F692F /* Build configuration list for PBXNativeTarget "DynamicIslandAPISample" */;
			buildPhases = (
				981F52D128E1195F005F692F /* Sources */,
				981F52D228E1195F005F692F /* Frameworks */,
				981F52D328E1195F005F692F /* Resources */,
				981F535128E6631F005F692F /* Embed Foundation Extensions */,
			);
			buildRules = (
			);
			dependencies = (
				981F534F28E6631E005F692F /* PBXTargetDependency */,
			);
			name = DynamicIslandAPISample;
			productName = DynamicIslandAPISample;
			productReference = 981F52D528E1195F005F692F /* DynamicIslandAPISample.app */;
			productType = "com.apple.product-type.application";
		};
		981F533E28E6631E005F692F /* OrderStatusExtension */ = {
			isa = PBXNativeTarget;
			buildConfigurationList = 981F535428E6631F005F692F /* Build configuration list for PBXNativeTarget "OrderStatusExtension" */;
			buildPhases = (
				981F533B28E6631E005F692F /* Sources */,
				981F533C28E6631E005F692F /* Frameworks */,
				981F533D28E6631E005F692F /* Resources */,
			);
			buildRules = (
			);
			dependencies = (
			);
			name = OrderStatusExtension;
			productName = OrderStatusExtension;
			productReference = 981F533F28E6631E005F692F /* OrderStatusExtension.appex */;
			productType = "com.apple.product-type.app-extension";
		};
/* End PBXNativeTarget section */

/* Begin PBXProject section */
		981F52CD28E1195F005F692F /* Project object */ = {
			isa = PBXProject;
			attributes = {
				BuildIndependentTargetsInParallel = 1;
				LastSwiftUpdateCheck = 1410;
				LastUpgradeCheck = 1410;
				TargetAttributes = {
					981F52D428E1195F005F692F = {
						CreatedOnToolsVersion = 14.1;
					};
					981F533E28E6631E005F692F = {
						CreatedOnToolsVersion = 14.1;
					};
				};
			};
			buildConfigurationList = 981F52D028E1195F005F692F /* Build configuration list for PBXProject "DynamicIslandAPISample" */;
			compatibilityVersion = "Xcode 14.0";
			developmentRegion = en;
			hasScannedForEncodings = 0;
			knownRegions = (
				en,
				Base,
			);
			mainGroup = 981F52CC28E1195F005F692F;
			productRefGroup = 981F52D628E1195F005F692F /* Products */;
			projectDirPath = "";
			projectRoot = "";
			targets = (
				981F52D428E1195F005F692F /* DynamicIslandAPISample */,
				981F533E28E6631E005F692F /* OrderStatusExtension */,
			);
		};
/* End PBXProject section */

/* Begin PBXResourcesBuildPhase section */
		981F52D328E1195F005F692F /* Resources */ = {
			isa = PBXResourcesBuildPhase;
			buildActionMask = 2147483647;
			files = (
				981F52E028E11960005F692F /* Preview Assets.xcassets in Resources */,
				981F52DD28E11960005F692F /* Assets.xcassets in Resources */,
			);
			runOnlyForDeploymentPostprocessing = 0;
		};
		981F533D28E6631E005F692F /* Resources */ = {
			isa = PBXResourcesBuildPhase;
			buildActionMask = 2147483647;
			files = (
				981F534A28E6631E005F692F /* Assets.xcassets in Resources */,
			);
			runOnlyForDeploymentPostprocessing = 0;
		};
/* End PBXResourcesBuildPhase section */

/* Begin PBXSourcesBuildPhase section */
		981F52D128E1195F005F692F /* Sources */ = {
			isa = PBXSourcesBuildPhase;
			buildActionMask = 2147483647;
			files = (
				981F534D28E6631E005F692F /* OrderStatus.intentdefinition in Sources */,
				981F52DB28E1195F005F692F /* ContentView.swift in Sources */,
				981F52D928E1195F005F692F /* DynamicIslandAPISampleApp.swift in Sources */,
				981F535728E66376005F692F /* OrderAttributes.swift in Sources */,
			);
			runOnlyForDeploymentPostprocessing = 0;
		};
		981F533B28E6631E005F692F /* Sources */ = {
			isa = PBXSourcesBuildPhase;
			buildActionMask = 2147483647;
			files = (
				981F535B28E6644F005F692F /* OrderStatus.swift in Sources */,
				981F535928E66424005F692F /* OrderAttributes.swift in Sources */,
				981F534C28E6631E005F692F /* OrderStatus.intentdefinition in Sources */,
			);
			runOnlyForDeploymentPostprocessing = 0;
		};
/* End PBXSourcesBuildPhase section */

/* Begin PBXTargetDependency section */
		981F534F28E6631E005F692F /* PBXTargetDependency */ = {
			isa = PBXTargetDependency;
			target = 981F533E28E6631E005F692F /* OrderStatusExtension */;
			targetProxy = 981F534E28E6631E005F692F /* PBXContainerItemProxy */;
		};
/* End PBXTargetDependency section */

/* Begin XCBuildConfiguration section */
		981F52E128E11960005F692F /* Debug */ = {
			isa = XCBuildConfiguration;
			buildSettings = {
				ALWAYS_SEARCH_USER_PATHS = NO;
				CLANG_ANALYZER_NONNULL = YES;
				CLANG_ANALYZER_NUMBER_OBJECT_CONVERSION = YES_AGGRESSIVE;
				CLANG_CXX_LANGUAGE_STANDARD = "gnu++20";
				CLANG_ENABLE_MODULES = YES;
				CLANG_ENABLE_OBJC_ARC = YES;
				CLANG_ENABLE_OBJC_WEAK = YES;
				CLANG_WARN_BLOCK_CAPTURE_AUTORELEASING = YES;
				CLANG_WARN_BOOL_CONVERSION = YES;
				CLANG_WARN_COMMA = YES;
				CLANG_WARN_CONSTANT_CONVERSION = YES;
				CLANG_WARN_DEPRECATED_OBJC_IMPLEMENTATIONS = YES;
				CLANG_WARN_DIRECT_OBJC_ISA_USAGE = YES_ERROR;
				CLANG_WARN_DOCUMENTATION_COMMENTS = YES;
				CLANG_WARN_EMPTY_BODY = YES;
				CLANG_WARN_ENUM_CONVERSION = YES;
				CLANG_WARN_INFINITE_RECURSION = YES;
				CLANG_WARN_INT_CONVERSION = YES;
				CLANG_WARN_NON_LITERAL_NULL_CONVERSION = YES;
				CLANG_WARN_OBJC_IMPLICIT_RETAIN_SELF = YES;
				CLANG_WARN_OBJC_LITERAL_CONVERSION = YES;
				CLANG_WARN_OBJC_ROOT_CLASS = YES_ERROR;
				CLANG_WARN_QUOTED_INCLUDE_IN_FRAMEWORK_HEADER = YES;
				CLANG_WARN_RANGE_LOOP_ANALYSIS = YES;
				CLANG_WARN_STRICT_PROTOTYPES = YES;
				CLANG_WARN_SUSPICIOUS_MOVE = YES;
				CLANG_WARN_UNGUARDED_AVAILABILITY = YES_AGGRESSIVE;
				CLANG_WARN_UNREACHABLE_CODE = YES;
				CLANG_WARN__DUPLICATE_METHOD_MATCH = YES;
				COPY_PHASE_STRIP = NO;
				DEBUG_INFORMATION_FORMAT = dwarf;
				ENABLE_STRICT_OBJC_MSGSEND = YES;
				ENABLE_TESTABILITY = YES;
				GCC_C_LANGUAGE_STANDARD = gnu11;
				GCC_DYNAMIC_NO_PIC = NO;
				GCC_NO_COMMON_BLOCKS = YES;
				GCC_OPTIMIZATION_LEVEL = 0;
				GCC_PREPROCESSOR_DEFINITIONS = (
					"DEBUG=1",
					"$(inherited)",
				);
				GCC_WARN_64_TO_32_BIT_CONVERSION = YES;
				GCC_WARN_ABOUT_RETURN_TYPE = YES_ERROR;
				GCC_WARN_UNDECLARED_SELECTOR = YES;
				GCC_WARN_UNINITIALIZED_AUTOS = YES_AGGRESSIVE;
				GCC_WARN_UNUSED_FUNCTION = YES;
				GCC_WARN_UNUSED_VARIABLE = YES;
				IPHONEOS_DEPLOYMENT_TARGET = 16.1;
				MTL_ENABLE_DEBUG_INFO = INCLUDE_SOURCE;
				MTL_FAST_MATH = YES;
				ONLY_ACTIVE_ARCH = YES;
				SDKROOT = iphoneos;
				SWIFT_ACTIVE_COMPILATION_CONDITIONS = DEBUG;
				SWIFT_OPTIMIZATION_LEVEL = "-Onone";
			};
			name = Debug;
		};
		981F52E228E11960005F692F /* Release */ = {
			isa = XCBuildConfiguration;
			buildSettings = {
				ALWAYS_SEARCH_USER_PATHS = NO;
				CLANG_ANALYZER_NONNULL = YES;
				CLANG_ANALYZER_NUMBER_OBJECT_CONVERSION = YES_AGGRESSIVE;
				CLANG_CXX_LANGUAGE_STANDARD = "gnu++20";
				CLANG_ENABLE_MODULES = YES;
				CLANG_ENABLE_OBJC_ARC = YES;
				CLANG_ENABLE_OBJC_WEAK = YES;
				CLANG_WARN_BLOCK_CAPTURE_AUTORELEASING = YES;
				CLANG_WARN_BOOL_CONVERSION = YES;
				CLANG_WARN_COMMA = YES;
				CLANG_WARN_CONSTANT_CONVERSION = YES;
				CLANG_WARN_DEPRECATED_OBJC_IMPLEMENTATIONS = YES;
				CLANG_WARN_DIRECT_OBJC_ISA_USAGE = YES_ERROR;
				CLANG_WARN_DOCUMENTATION_COMMENTS = YES;
				CLANG_WARN_EMPTY_BODY = YES;
				CLANG_WARN_ENUM_CONVERSION = YES;
				CLANG_WARN_INFINITE_RECURSION = YES;
				CLANG_WARN_INT_CONVERSION = YES;
				CLANG_WARN_NON_LITERAL_NULL_CONVERSION = YES;
				CLANG_WARN_OBJC_IMPLICIT_RETAIN_SELF = YES;
				CLANG_WARN_OBJC_LITERAL_CONVERSION = YES;
				CLANG_WARN_OBJC_ROOT_CLASS = YES_ERROR;
				CLANG_WARN_QUOTED_INCLUDE_IN_FRAMEWORK_HEADER = YES;
				CLANG_WARN_RANGE_LOOP_ANALYSIS = YES;
				CLANG_WARN_STRICT_PROTOTYPES = YES;
				CLANG_WARN_SUSPICIOUS_MOVE = YES;
				CLANG_WARN_UNGUARDED_AVAILABILITY = YES_AGGRESSIVE;
				CLANG_WARN_UNREACHABLE_CODE = YES;
				CLANG_WARN__DUPLICATE_METHOD_MATCH = YES;
				COPY_PHASE_STRIP = NO;
				DEBUG_INFORMATION_FORMAT = "dwarf-with-dsym";
				ENABLE_NS_ASSERTIONS = NO;
				ENABLE_STRICT_OBJC_MSGSEND = YES;
				GCC_C_LANGUAGE_STANDARD = gnu11;
				GCC_NO_COMMON_BLOCKS = YES;
				GCC_WARN_64_TO_32_BIT_CONVERSION = YES;
				GCC_WARN_ABOUT_RETURN_TYPE = YES_ERROR;
				GCC_WARN_UNDECLARED_SELECTOR = YES;
				GCC_WARN_UNINITIALIZED_AUTOS = YES_AGGRESSIVE;
				GCC_WARN_UNUSED_FUNCTION = YES;
				GCC_WARN_UNUSED_VARIABLE = YES;
				IPHONEOS_DEPLOYMENT_TARGET = 16.1;
				MTL_ENABLE_DEBUG_INFO = NO;
				MTL_FAST_MATH = YES;
				SDKROOT = iphoneos;
				SWIFT_COMPILATION_MODE = wholemodule;
				SWIFT_OPTIMIZATION_LEVEL = "-O";
				VALIDATE_PRODUCT = YES;
			};
			name = Release;
		};
		981F52E428E11960005F692F /* Debug */ = {
			isa = XCBuildConfiguration;
			buildSettings = {
				ALWAYS_EMBED_SWIFT_STANDARD_LIBRARIES = YES;
				ASSETCATALOG_COMPILER_APPICON_NAME = AppIcon;
				ASSETCATALOG_COMPILER_GLOBAL_ACCENT_COLOR_NAME = AccentColor;
				CODE_SIGN_STYLE = Automatic;
				CURRENT_PROJECT_VERSION = 1;
				DEVELOPMENT_ASSET_PATHS = "\"DynamicIslandAPISample/Preview Content\"";
				DEVELOPMENT_TEAM = XG9UCHUCSL;
				ENABLE_PREVIEWS = YES;
				GENERATE_INFOPLIST_FILE = YES;
				INFOPLIST_FILE = DynamicIslandAPISample/Info.plist;
				INFOPLIST_KEY_UIApplicationSceneManifest_Generation = YES;
				INFOPLIST_KEY_UIApplicationSupportsIndirectInputEvents = YES;
				INFOPLIST_KEY_UILaunchScreen_Generation = YES;
				INFOPLIST_KEY_UISupportedInterfaceOrientations_iPad = "UIInterfaceOrientationPortrait UIInterfaceOrientationPortraitUpsideDown UIInterfaceOrientationLandscapeLeft UIInterfaceOrientationLandscapeRight";
				INFOPLIST_KEY_UISupportedInterfaceOrientations_iPhone = "UIInterfaceOrientationPortrait UIInterfaceOrientationLandscapeLeft UIInterfaceOrientationLandscapeRight";
				LD_RUNPATH_SEARCH_PATHS = (
					"$(inherited)",
					"@executable_path/Frameworks",
				);
				MARKETING_VERSION = 1.0;
				PRODUCT_BUNDLE_IDENTIFIER = com.aeg.qed.DynamicIslandAPISample;
				PRODUCT_NAME = "$(TARGET_NAME)";
				SWIFT_EMIT_LOC_STRINGS = YES;
				SWIFT_VERSION = 5.0;
				TARGETED_DEVICE_FAMILY = "1,2";
			};
			name = Debug;
		};
		981F52E528E11960005F692F /* Release */ = {
			isa = XCBuildConfiguration;
			buildSettings = {
				ALWAYS_EMBED_SWIFT_STANDARD_LIBRARIES = YES;
				ASSETCATALOG_COMPILER_APPICON_NAME = AppIcon;
				ASSETCATALOG_COMPILER_GLOBAL_ACCENT_COLOR_NAME = AccentColor;
				CODE_SIGN_STYLE = Automatic;
				CURRENT_PROJECT_VERSION = 1;
				DEVELOPMENT_ASSET_PATHS = "\"DynamicIslandAPISample/Preview Content\"";
				DEVELOPMENT_TEAM = XG9UCHUCSL;
				ENABLE_PREVIEWS = YES;
				GENERATE_INFOPLIST_FILE = YES;
				INFOPLIST_FILE = DynamicIslandAPISample/Info.plist;
				INFOPLIST_KEY_UIApplicationSceneManifest_Generation = YES;
				INFOPLIST_KEY_UIApplicationSupportsIndirectInputEvents = YES;
				INFOPLIST_KEY_UILaunchScreen_Generation = YES;
				INFOPLIST_KEY_UISupportedInterfaceOrientations_iPad = "UIInterfaceOrientationPortrait UIInterfaceOrientationPortraitUpsideDown UIInterfaceOrientationLandscapeLeft UIInterfaceOrientationLandscapeRight";
				INFOPLIST_KEY_UISupportedInterfaceOrientations_iPhone = "UIInterfaceOrientationPortrait UIInterfaceOrientationLandscapeLeft UIInterfaceOrientationLandscapeRight";
				LD_RUNPATH_SEARCH_PATHS = (
					"$(inherited)",
					"@executable_path/Frameworks",
				);
				MARKETING_VERSION = 1.0;
				PRODUCT_BUNDLE_IDENTIFIER = com.aeg.qed.DynamicIslandAPISample;
				PRODUCT_NAME = "$(TARGET_NAME)";
				SWIFT_EMIT_LOC_STRINGS = YES;
				SWIFT_VERSION = 5.0;
				TARGETED_DEVICE_FAMILY = "1,2";
			};
			name = Release;
		};
		981F535228E6631F005F692F /* Debug */ = {
			isa = XCBuildConfiguration;
			buildSettings = {
				ASSETCATALOG_COMPILER_GLOBAL_ACCENT_COLOR_NAME = AccentColor;
				ASSETCATALOG_COMPILER_WIDGET_BACKGROUND_COLOR_NAME = WidgetBackground;
				CODE_SIGN_STYLE = Automatic;
				CURRENT_PROJECT_VERSION = 1;
				DEVELOPMENT_TEAM = XG9UCHUCSL;
				GENERATE_INFOPLIST_FILE = YES;
				INFOPLIST_FILE = OrderStatus/Info.plist;
				INFOPLIST_KEY_CFBundleDisplayName = OrderStatus;
				INFOPLIST_KEY_NSHumanReadableCopyright = "";
				LD_RUNPATH_SEARCH_PATHS = (
					"$(inherited)",
					"@executable_path/Frameworks",
					"@executable_path/../../Frameworks",
				);
				MARKETING_VERSION = 1.0;
				PRODUCT_BUNDLE_IDENTIFIER = com.aeg.qed.DynamicIslandAPISample.OrderStatus;
				PRODUCT_NAME = "$(TARGET_NAME)";
				SKIP_INSTALL = YES;
				SWIFT_EMIT_LOC_STRINGS = YES;
				SWIFT_VERSION = 5.0;
				TARGETED_DEVICE_FAMILY = "1,2";
			};
			name = Debug;
		};
		981F535328E6631F005F692F /* Release */ = {
			isa = XCBuildConfiguration;
			buildSettings = {
				ASSETCATALOG_COMPILER_GLOBAL_ACCENT_COLOR_NAME = AccentColor;
				ASSETCATALOG_COMPILER_WIDGET_BACKGROUND_COLOR_NAME = WidgetBackground;
				CODE_SIGN_STYLE = Automatic;
				CURRENT_PROJECT_VERSION = 1;
				DEVELOPMENT_TEAM = XG9UCHUCSL;
				GENERATE_INFOPLIST_FILE = YES;
				INFOPLIST_FILE = OrderStatus/Info.plist;
				INFOPLIST_KEY_CFBundleDisplayName = OrderStatus;
				INFOPLIST_KEY_NSHumanReadableCopyright = "";
				LD_RUNPATH_SEARCH_PATHS = (
					"$(inherited)",
					"@executable_path/Frameworks",
					"@executable_path/../../Frameworks",
				);
				MARKETING_VERSION = 1.0;
				PRODUCT_BUNDLE_IDENTIFIER = com.aeg.qed.DynamicIslandAPISample.OrderStatus;
				PRODUCT_NAME = "$(TARGET_NAME)";
				SKIP_INSTALL = YES;
				SWIFT_EMIT_LOC_STRINGS = YES;
				SWIFT_VERSION = 5.0;
				TARGETED_DEVICE_FAMILY = "1,2";
			};
			name = Release;
		};
/* End XCBuildConfiguration section */

/* Begin XCConfigurationList section */
		981F52D028E1195F005F692F /* Build configuration list for PBXProject "DynamicIslandAPISample" */ = {
			isa = XCConfigurationList;
			buildConfigurations = (
				981F52E128E11960005F692F /* Debug */,
				981F52E228E11960005F692F /* Release */,
			);
			defaultConfigurationIsVisible = 0;
			defaultConfigurationName = Release;
		};
		981F52E328E11960005F692F /* Build configuration list for PBXNativeTarget "DynamicIslandAPISample" */ = {
			isa = XCConfigurationList;
			buildConfigurations = (
				981F52E428E11960005F692F /* Debug */,
				981F52E528E11960005F692F /* Release */,
			);
			defaultConfigurationIsVisible = 0;
			defaultConfigurationName = Release;
		};
		981F535428E6631F005F692F /* Build configuration list for PBXNativeTarget "OrderStatusExtension" */ = {
			isa = XCConfigurationList;
			buildConfigurations = (
				981F535228E6631F005F692F /* Debug */,
				981F535328E6631F005F692F /* Release */,
			);
			defaultConfigurationIsVisible = 0;
			defaultConfigurationName = Release;
		};
/* End XCConfigurationList section */
	};
	rootObject = 981F52CD28E1195F005F692F /* Project object */;
}
